
Microsoft Visual Studio Solution File, Format Version 12.00
# Visual Studio 15
VisualStudioVersion = 15.0.27703.2018
MinimumVisualStudioVersion = 10.0.40219.1
Project("{FAE04EC0-301F-11D3-BF4B-00C04F79EFBC}") = "Repository.Android", "Repository\Repository.Android\Repository.Android.csproj", "{BCFD1C7C-FE2B-49DE-A428-361E01E4AAB7}"
EndProject
Project("{FAE04EC0-301F-11D3-BF4B-00C04F79EFBC}") = "Repository.iOS", "Repository\Repository.iOS\Repository.iOS.csproj", "{CCD7A773-1C42-4069-8572-1536A2D2DF66}"
EndProject
Project("{FAE04EC0-301F-11D3-BF4B-00C04F79EFBC}") = "Repository.UWP", "Repository\Repository.UWP\Repository.UWP.csproj", "{AD98ED88-ACDD-4008-B27A-C2CBA58C0F2F}"
EndProject
Project("{FAE04EC0-301F-11D3-BF4B-00C04F79EFBC}") = "Repository", "Repository\Repository\Repository.csproj", "{6FC10432-7B7C-4D93-96EA-6C4F5F707F81}"
EndProject
Global
	GlobalSection(SolutionConfigurationPlatforms) = preSolution
		Ad-Hoc|Any CPU = Ad-Hoc|Any CPU
		Ad-Hoc|ARM = Ad-Hoc|ARM
		Ad-Hoc|iPhone = Ad-Hoc|iPhone
		Ad-Hoc|iPhoneSimulator = Ad-Hoc|iPhoneSimulator
		Ad-Hoc|x64 = Ad-Hoc|x64
		Ad-Hoc|x86 = Ad-Hoc|x86
		AppStore|Any CPU = AppStore|Any CPU
		AppStore|ARM = AppStore|ARM
		AppStore|iPhone = AppStore|iPhone
		AppStore|iPhoneSimulator = AppStore|iPhoneSimulator
		AppStore|x64 = AppStore|x64
		AppStore|x86 = AppStore|x86
		Debug|Any CPU = Debug|Any CPU
		Debug|ARM = Debug|ARM
		Debug|iPhone = Debug|iPhone
		Debug|iPhoneSimulator = Debug|iPhoneSimulator
		Debug|x64 = Debug|x64
		Debug|x86 = Debug|x86
		Release|Any CPU = Release|Any CPU
		Release|ARM = Release|ARM
		Release|iPhone = Release|iPhone
		Release|iPhoneSimulator = Release|iPhoneSimulator
		Release|x64 = Release|x64
		Release|x86 = Release|x86
	EndGlobalSection
	GlobalSection(ProjectConfigurationPlatforms) = postSolution
		{BCFD1C7C-FE2B-49DE-A428-361E01E4AAB7}.Ad-Hoc|Any CPU.ActiveCfg = Release|Any CPU
		{BCFD1C7C-FE2B-49DE-A428-361E01E4AAB7}.Ad-Hoc|Any CPU.Build.0 = Release|Any CPU
		{BCFD1C7C-FE2B-49DE-A428-361E01E4AAB7}.Ad-Hoc|Any CPU.Deploy.0 = Release|Any CPU
		{BCFD1C7C-FE2B-49DE-A428-361E01E4AAB7}.Ad-Hoc|ARM.ActiveCfg = Release|Any CPU
		{BCFD1C7C-FE2B-49DE-A428-361E01E4AAB7}.Ad-Hoc|ARM.Build.0 = Release|Any CPU
		{BCFD1C7C-FE2B-49DE-A428-361E01E4AAB7}.Ad-Hoc|ARM.Deploy.0 = Release|Any CPU
		{BCFD1C7C-FE2B-49DE-A428-361E01E4AAB7}.Ad-Hoc|iPhone.ActiveCfg = Release|Any CPU
		{BCFD1C7C-FE2B-49DE-A428-361E01E4AAB7}.Ad-Hoc|iPhone.Build.0 = Release|Any CPU
		{BCFD1C7C-FE2B-49DE-A428-361E01E4AAB7}.Ad-Hoc|iPhone.Deploy.0 = Release|Any CPU
		{BCFD1C7C-FE2B-49DE-A428-361E01E4AAB7}.Ad-Hoc|iPhoneSimulator.ActiveCfg = Release|Any CPU
		{BCFD1C7C-FE2B-49DE-A428-361E01E4AAB7}.Ad-Hoc|iPhoneSimulator.Build.0 = Release|Any CPU
		{BCFD1C7C-FE2B-49DE-A428-361E01E4AAB7}.Ad-Hoc|iPhoneSimulator.Deploy.0 = Release|Any CPU
		{BCFD1C7C-FE2B-49DE-A428-361E01E4AAB7}.Ad-Hoc|x64.ActiveCfg = Release|Any CPU
		{BCFD1C7C-FE2B-49DE-A428-361E01E4AAB7}.Ad-Hoc|x64.Build.0 = Release|Any CPU
		{BCFD1C7C-FE2B-49DE-A428-361E01E4AAB7}.Ad-Hoc|x64.Deploy.0 = Release|Any CPU
		{BCFD1C7C-FE2B-49DE-A428-361E01E4AAB7}.Ad-Hoc|x86.ActiveCfg = Release|Any CPU
		{BCFD1C7C-FE2B-49DE-A428-361E01E4AAB7}.Ad-Hoc|x86.Build.0 = Release|Any CPU
		{BCFD1C7C-FE2B-49DE-A428-361E01E4AAB7}.Ad-Hoc|x86.Deploy.0 = Release|Any CPU
		{BCFD1C7C-FE2B-49DE-A428-361E01E4AAB7}.AppStore|Any CPU.ActiveCfg = Release|Any CPU
		{BCFD1C7C-FE2B-49DE-A428-361E01E4AAB7}.AppStore|Any CPU.Build.0 = Release|Any CPU
		{BCFD1C7C-FE2B-49DE-A428-361E01E4AAB7}.AppStore|Any CPU.Deploy.0 = Release|Any CPU
		{BCFD1C7C-FE2B-49DE-A428-361E01E4AAB7}.AppStore|ARM.ActiveCfg = Release|Any CPU
		{BCFD1C7C-FE2B-49DE-A428-361E01E4AAB7}.AppStore|ARM.Build.0 = Release|Any CPU
		{BCFD1C7C-FE2B-49DE-A428-361E01E4AAB7}.AppStore|ARM.Deploy.0 = Release|Any CPU
		{BCFD1C7C-FE2B-49DE-A428-361E01E4AAB7}.AppStore|iPhone.ActiveCfg = Release|Any CPU
		{BCFD1C7C-FE2B-49DE-A428-361E01E4AAB7}.AppStore|iPhone.Build.0 = Release|Any CPU
		{BCFD1C7C-FE2B-49DE-A428-361E01E4AAB7}.AppStore|iPhone.Deploy.0 = Release|Any CPU
		{BCFD1C7C-FE2B-49DE-A428-361E01E4AAB7}.AppStore|iPhoneSimulator.ActiveCfg = Release|Any CPU
		{BCFD1C7C-FE2B-49DE-A428-361E01E4AAB7}.AppStore|iPhoneSimulator.Build.0 = Release|Any CPU
		{BCFD1C7C-FE2B-49DE-A428-361E01E4AAB7}.AppStore|iPhoneSimulator.Deploy.0 = Release|Any CPU
		{BCFD1C7C-FE2B-49DE-A428-361E01E4AAB7}.AppStore|x64.ActiveCfg = Release|Any CPU
		{BCFD1C7C-FE2B-49DE-A428-361E01E4AAB7}.AppStore|x64.Build.0 = Release|Any CPU
		{BCFD1C7C-FE2B-49DE-A428-361E01E4AAB7}.AppStore|x64.Deploy.0 = Release|Any CPU
		{BCFD1C7C-FE2B-49DE-A428-361E01E4AAB7}.AppStore|x86.ActiveCfg = Release|Any CPU
		{BCFD1C7C-FE2B-49DE-A428-361E01E4AAB7}.AppStore|x86.Build.0 = Release|Any CPU
		{BCFD1C7C-FE2B-49DE-A428-361E01E4AAB7}.AppStore|x86.Deploy.0 = Release|Any CPU
		{BCFD1C7C-FE2B-49DE-A428-361E01E4AAB7}.Debug|Any CPU.ActiveCfg = Debug|Any CPU
		{BCFD1C7C-FE2B-49DE-A428-361E01E4AAB7}.Debug|Any CPU.Build.0 = Debug|Any CPU
		{BCFD1C7C-FE2B-49DE-A428-361E01E4AAB7}.Debug|Any CPU.Deploy.0 = Debug|Any CPU
		{BCFD1C7C-FE2B-49DE-A428-361E01E4AAB7}.Debug|ARM.ActiveCfg = Debug|Any CPU
		{BCFD1C7C-FE2B-49DE-A428-361E01E4AAB7}.Debug|ARM.Build.0 = Debug|Any CPU
		{BCFD1C7C-FE2B-49DE-A428-361E01E4AAB7}.Debug|ARM.Deploy.0 = Debug|Any CPU
		{BCFD1C7C-FE2B-49DE-A428-361E01E4AAB7}.Debug|iPhone.ActiveCfg = Debug|Any CPU
		{BCFD1C7C-FE2B-49DE-A428-361E01E4AAB7}.Debug|iPhone.Build.0 = Debug|Any CPU
		{BCFD1C7C-FE2B-49DE-A428-361E01E4AAB7}.Debug|iPhone.Deploy.0 = Debug|Any CPU
		{BCFD1C7C-FE2B-49DE-A428-361E01E4AAB7}.Debug|iPhoneSimulator.ActiveCfg = Debug|Any CPU
		{BCFD1C7C-FE2B-49DE-A428-361E01E4AAB7}.Debug|iPhoneSimulator.Build.0 = Debug|Any CPU
		{BCFD1C7C-FE2B-49DE-A428-361E01E4AAB7}.Debug|iPhoneSimulator.Deploy.0 = Debug|Any CPU
		{BCFD1C7C-FE2B-49DE-A428-361E01E4AAB7}.Debug|x64.ActiveCfg = Debug|Any CPU
		{BCFD1C7C-FE2B-49DE-A428-361E01E4AAB7}.Debug|x64.Build.0 = Debug|Any CPU
		{BCFD1C7C-FE2B-49DE-A428-361E01E4AAB7}.Debug|x64.Deploy.0 = Debug|Any CPU
		{BCFD1C7C-FE2B-49DE-A428-361E01E4AAB7}.Debug|x86.ActiveCfg = Debug|Any CPU
		{BCFD1C7C-FE2B-49DE-A428-361E01E4AAB7}.Debug|x86.Build.0 = Debug|Any CPU
		{BCFD1C7C-FE2B-49DE-A428-361E01E4AAB7}.Debug|x86.Deploy.0 = Debug|Any CPU
		{BCFD1C7C-FE2B-49DE-A428-361E01E4AAB7}.Release|Any CPU.ActiveCfg = Release|Any CPU
		{BCFD1C7C-FE2B-49DE-A428-361E01E4AAB7}.Release|Any CPU.Build.0 = Release|Any CPU
		{BCFD1C7C-FE2B-49DE-A428-361E01E4AAB7}.Release|Any CPU.Deploy.0 = Release|Any CPU
		{BCFD1C7C-FE2B-49DE-A428-361E01E4AAB7}.Release|ARM.ActiveCfg = Release|Any CPU
		{BCFD1C7C-FE2B-49DE-A428-361E01E4AAB7}.Release|ARM.Build.0 = Release|Any CPU
		{BCFD1C7C-FE2B-49DE-A428-361E01E4AAB7}.Release|ARM.Deploy.0 = Release|Any CPU
		{BCFD1C7C-FE2B-49DE-A428-361E01E4AAB7}.Release|iPhone.ActiveCfg = Release|Any CPU
		{BCFD1C7C-FE2B-49DE-A428-361E01E4AAB7}.Release|iPhone.Build.0 = Release|Any CPU
		{BCFD1C7C-FE2B-49DE-A428-361E01E4AAB7}.Release|iPhone.Deploy.0 = Release|Any CPU
		{BCFD1C7C-FE2B-49DE-A428-361E01E4AAB7}.Release|iPhoneSimulator.ActiveCfg = Release|Any CPU
		{BCFD1C7C-FE2B-49DE-A428-361E01E4AAB7}.Release|iPhoneSimulator.Build.0 = Release|Any CPU
		{BCFD1C7C-FE2B-49DE-A428-361E01E4AAB7}.Release|iPhoneSimulator.Deploy.0 = Release|Any CPU
		{BCFD1C7C-FE2B-49DE-A428-361E01E4AAB7}.Release|x64.ActiveCfg = Release|Any CPU
		{BCFD1C7C-FE2B-49DE-A428-361E01E4AAB7}.Release|x64.Build.0 = Release|Any CPU
		{BCFD1C7C-FE2B-49DE-A428-361E01E4AAB7}.Release|x64.Deploy.0 = Release|Any CPU
		{BCFD1C7C-FE2B-49DE-A428-361E01E4AAB7}.Release|x86.ActiveCfg = Release|Any CPU
		{BCFD1C7C-FE2B-49DE-A428-361E01E4AAB7}.Release|x86.Build.0 = Release|Any CPU
		{BCFD1C7C-FE2B-49DE-A428-361E01E4AAB7}.Release|x86.Deploy.0 = Release|Any CPU
		{CCD7A773-1C42-4069-8572-1536A2D2DF66}.Ad-Hoc|Any CPU.ActiveCfg = Ad-Hoc|iPhone
		{CCD7A773-1C42-4069-8572-1536A2D2DF66}.Ad-Hoc|Any CPU.Build.0 = Ad-Hoc|iPhone
		{CCD7A773-1C42-4069-8572-1536A2D2DF66}.Ad-Hoc|Any CPU.Deploy.0 = Ad-Hoc|iPhone
		{CCD7A773-1C42-4069-8572-1536A2D2DF66}.Ad-Hoc|ARM.ActiveCfg = Ad-Hoc|iPhone
		{CCD7A773-1C42-4069-8572-1536A2D2DF66}.Ad-Hoc|ARM.Build.0 = Ad-Hoc|iPhone
		{CCD7A773-1C42-4069-8572-1536A2D2DF66}.Ad-Hoc|ARM.Deploy.0 = Ad-Hoc|iPhone
		{CCD7A773-1C42-4069-8572-1536A2D2DF66}.Ad-Hoc|iPhone.ActiveCfg = Ad-Hoc|iPhone
		{CCD7A773-1C42-4069-8572-1536A2D2DF66}.Ad-Hoc|iPhone.Build.0 = Ad-Hoc|iPhone
		{CCD7A773-1C42-4069-8572-1536A2D2DF66}.Ad-Hoc|iPhone.Deploy.0 = Ad-Hoc|iPhone
		{CCD7A773-1C42-4069-8572-1536A2D2DF66}.Ad-Hoc|iPhoneSimulator.ActiveCfg = Ad-Hoc|iPhoneSimulator
		{CCD7A773-1C42-4069-8572-1536A2D2DF66}.Ad-Hoc|iPhoneSimulator.Build.0 = Ad-Hoc|iPhoneSimulator
		{CCD7A773-1C42-4069-8572-1536A2D2DF66}.Ad-Hoc|iPhoneSimulator.Deploy.0 = Ad-Hoc|iPhoneSimulator
		{CCD7A773-1C42-4069-8572-1536A2D2DF66}.Ad-Hoc|x64.ActiveCfg = Ad-Hoc|iPhone
		{CCD7A773-1C42-4069-8572-1536A2D2DF66}.Ad-Hoc|x64.Build.0 = Ad-Hoc|iPhone
		{CCD7A773-1C42-4069-8572-1536A2D2DF66}.Ad-Hoc|x64.Deploy.0 = Ad-Hoc|iPhone
		{CCD7A773-1C42-4069-8572-1536A2D2DF66}.Ad-Hoc|x86.ActiveCfg = Ad-Hoc|iPhone
		{CCD7A773-1C42-4069-8572-1536A2D2DF66}.Ad-Hoc|x86.Build.0 = Ad-Hoc|iPhone
		{CCD7A773-1C42-4069-8572-1536A2D2DF66}.Ad-Hoc|x86.Deploy.0 = Ad-Hoc|iPhone
		{CCD7A773-1C42-4069-8572-1536A2D2DF66}.AppStore|Any CPU.ActiveCfg = AppStore|iPhone
		{CCD7A773-1C42-4069-8572-1536A2D2DF66}.AppStore|Any CPU.Build.0 = AppStore|iPhone
		{CCD7A773-1C42-4069-8572-1536A2D2DF66}.AppStore|Any CPU.Deploy.0 = AppStore|iPhone
		{CCD7A773-1C42-4069-8572-1536A2D2DF66}.AppStore|ARM.ActiveCfg = AppStore|iPhone
		{CCD7A773-1C42-4069-8572-1536A2D2DF66}.AppStore|ARM.Build.0 = AppStore|iPhone
		{CCD7A773-1C42-4069-8572-1536A2D2DF66}.AppStore|ARM.Deploy.0 = AppStore|iPhone
		{CCD7A773-1C42-4069-8572-1536A2D2DF66}.AppStore|iPhone.ActiveCfg = AppStore|iPhone
		{CCD7A773-1C42-4069-8572-1536A2D2DF66}.AppStore|iPhone.Build.0 = AppStore|iPhone
		{CCD7A773-1C42-4069-8572-1536A2D2DF66}.AppStore|iPhone.Deploy.0 = AppStore|iPhone
		{CCD7A773-1C42-4069-8572-1536A2D2DF66}.AppStore|iPhoneSimulator.ActiveCfg = AppStore|iPhoneSimulator
		{CCD7A773-1C42-4069-8572-1536A2D2DF66}.AppStore|iPhoneSimulator.Build.0 = AppStore|iPhoneSimulator
		{CCD7A773-1C42-4069-8572-1536A2D2DF66}.AppStore|iPhoneSimulator.Deploy.0 = AppStore|iPhoneSimulator
		{CCD7A773-1C42-4069-8572-1536A2D2DF66}.AppStore|x64.ActiveCfg = AppStore|iPhone
		{CCD7A773-1C42-4069-8572-1536A2D2DF66}.AppStore|x64.Build.0 = AppStore|iPhone
		{CCD7A773-1C42-4069-8572-1536A2D2DF66}.AppStore|x64.Deploy.0 = AppStore|iPhone
		{CCD7A773-1C42-4069-8572-1536A2D2DF66}.AppStore|x86.ActiveCfg = AppStore|iPhone
		{CCD7A773-1C42-4069-8572-1536A2D2DF66}.AppStore|x86.Build.0 = AppStore|iPhone
		{CCD7A773-1C42-4069-8572-1536A2D2DF66}.AppStore|x86.Deploy.0 = AppStore|iPhone
		{CCD7A773-1C42-4069-8572-1536A2D2DF66}.Debug|Any CPU.ActiveCfg = Debug|iPhoneSimulator
		{CCD7A773-1C42-4069-8572-1536A2D2DF66}.Debug|Any CPU.Build.0 = Debug|iPhoneSimulator
		{CCD7A773-1C42-4069-8572-1536A2D2DF66}.Debug|Any CPU.Deploy.0 = Debug|iPhoneSimulator
		{CCD7A773-1C42-4069-8572-1536A2D2DF66}.Debug|ARM.ActiveCfg = Debug|iPhone
		{CCD7A773-1C42-4069-8572-1536A2D2DF66}.Debug|ARM.Build.0 = Debug|iPhone
		{CCD7A773-1C42-4069-8572-1536A2D2DF66}.Debug|ARM.Deploy.0 = Debug|iPhone
		{CCD7A773-1C42-4069-8572-1536A2D2DF66}.Debug|iPhone.ActiveCfg = Debug|iPhone
		{CCD7A773-1C42-4069-8572-1536A2D2DF66}.Debug|iPhone.Build.0 = Debug|iPhone
		{CCD7A773-1C42-4069-8572-1536A2D2DF66}.Debug|iPhone.Deploy.0 = Debug|iPhone
		{CCD7A773-1C42-4069-8572-1536A2D2DF66}.Debug|iPhoneSimulator.ActiveCfg = Debug|iPhoneSimulator
		{CCD7A773-1C42-4069-8572-1536A2D2DF66}.Debug|iPhoneSimulator.Build.0 = Debug|iPhoneSimulator
		{CCD7A773-1C42-4069-8572-1536A2D2DF66}.Debug|iPhoneSimulator.Deploy.0 = Debug|iPhoneSimulator
		{CCD7A773-1C42-4069-8572-1536A2D2DF66}.Debug|x64.ActiveCfg = Debug|iPhone
		{CCD7A773-1C42-4069-8572-1536A2D2DF66}.Debug|x64.Build.0 = Debug|iPhone
		{CCD7A773-1C42-4069-8572-1536A2D2DF66}.Debug|x64.Deploy.0 = Debug|iPhone
		{CCD7A773-1C42-4069-8572-1536A2D2DF66}.Debug|x86.ActiveCfg = Debug|iPhone
		{CCD7A773-1C42-4069-8572-1536A2D2DF66}.Debug|x86.Build.0 = Debug|iPhone
		{CCD7A773-1C42-4069-8572-1536A2D2DF66}.Debug|x86.Deploy.0 = Debug|iPhone
		{CCD7A773-1C42-4069-8572-1536A2D2DF66}.Release|Any CPU.ActiveCfg = Release|iPhone
		{CCD7A773-1C42-4069-8572-1536A2D2DF66}.Release|Any CPU.Build.0 = Release|iPhone
		{CCD7A773-1C42-4069-8572-1536A2D2DF66}.Release|Any CPU.Deploy.0 = Release|iPhone
		{CCD7A773-1C42-4069-8572-1536A2D2DF66}.Release|ARM.ActiveCfg = Release|iPhone
		{CCD7A773-1C42-4069-8572-1536A2D2DF66}.Release|ARM.Build.0 = Release|iPhone
		{CCD7A773-1C42-4069-8572-1536A2D2DF66}.Release|ARM.Deploy.0 = Release|iPhone
		{CCD7A773-1C42-4069-8572-1536A2D2DF66}.Release|iPhone.ActiveCfg = Release|iPhone
		{CCD7A773-1C42-4069-8572-1536A2D2DF66}.Release|iPhone.Build.0 = Release|iPhone
		{CCD7A773-1C42-4069-8572-1536A2D2DF66}.Release|iPhone.Deploy.0 = Release|iPhone
		{CCD7A773-1C42-4069-8572-1536A2D2DF66}.Release|iPhoneSimulator.ActiveCfg = Release|iPhoneSimulator
		{CCD7A773-1C42-4069-8572-1536A2D2DF66}.Release|iPhoneSimulator.Build.0 = Release|iPhoneSimulator
		{CCD7A773-1C42-4069-8572-1536A2D2DF66}.Release|iPhoneSimulator.Deploy.0 = Release|iPhoneSimulator
		{CCD7A773-1C42-4069-8572-1536A2D2DF66}.Release|x64.ActiveCfg = Release|iPhone
		{CCD7A773-1C42-4069-8572-1536A2D2DF66}.Release|x64.Build.0 = Release|iPhone
		{CCD7A773-1C42-4069-8572-1536A2D2DF66}.Release|x64.Deploy.0 = Release|iPhone
		{CCD7A773-1C42-4069-8572-1536A2D2DF66}.Release|x86.ActiveCfg = Release|iPhone
		{CCD7A773-1C42-4069-8572-1536A2D2DF66}.Release|x86.Build.0 = Release|iPhone
		{CCD7A773-1C42-4069-8572-1536A2D2DF66}.Release|x86.Deploy.0 = Release|iPhone
		{AD98ED88-ACDD-4008-B27A-C2CBA58C0F2F}.Ad-Hoc|Any CPU.ActiveCfg = Release|x86
		{AD98ED88-ACDD-4008-B27A-C2CBA58C0F2F}.Ad-Hoc|Any CPU.Build.0 = Release|x86
		{AD98ED88-ACDD-4008-B27A-C2CBA58C0F2F}.Ad-Hoc|Any CPU.Deploy.0 = Release|x86
		{AD98ED88-ACDD-4008-B27A-C2CBA58C0F2F}.Ad-Hoc|ARM.ActiveCfg = Release|ARM
		{AD98ED88-ACDD-4008-B27A-C2CBA58C0F2F}.Ad-Hoc|ARM.Build.0 = Release|ARM
		{AD98ED88-ACDD-4008-B27A-C2CBA58C0F2F}.Ad-Hoc|ARM.Deploy.0 = Release|ARM
		{AD98ED88-ACDD-4008-B27A-C2CBA58C0F2F}.Ad-Hoc|iPhone.ActiveCfg = Release|x86
		{AD98ED88-ACDD-4008-B27A-C2CBA58C0F2F}.Ad-Hoc|iPhone.Build.0 = Release|x86
		{AD98ED88-ACDD-4008-B27A-C2CBA58C0F2F}.Ad-Hoc|iPhone.Deploy.0 = Release|x86
		{AD98ED88-ACDD-4008-B27A-C2CBA58C0F2F}.Ad-Hoc|iPhoneSimulator.ActiveCfg = Release|x86
		{AD98ED88-ACDD-4008-B27A-C2CBA58C0F2F}.Ad-Hoc|iPhoneSimulator.Build.0 = Release|x86
		{AD98ED88-ACDD-4008-B27A-C2CBA58C0F2F}.Ad-Hoc|iPhoneSimulator.Deploy.0 = Release|x86
		{AD98ED88-ACDD-4008-B27A-C2CBA58C0F2F}.Ad-Hoc|x64.ActiveCfg = Release|x64
		{AD98ED88-ACDD-4008-B27A-C2CBA58C0F2F}.Ad-Hoc|x64.Build.0 = Release|x64
		{AD98ED88-ACDD-4008-B27A-C2CBA58C0F2F}.Ad-Hoc|x64.Deploy.0 = Release|x64
		{AD98ED88-ACDD-4008-B27A-C2CBA58C0F2F}.Ad-Hoc|x86.ActiveCfg = Release|x86
		{AD98ED88-ACDD-4008-B27A-C2CBA58C0F2F}.Ad-Hoc|x86.Build.0 = Release|x86
		{AD98ED88-ACDD-4008-B27A-C2CBA58C0F2F}.Ad-Hoc|x86.Deploy.0 = Release|x86
		{AD98ED88-ACDD-4008-B27A-C2CBA58C0F2F}.AppStore|Any CPU.ActiveCfg = Release|x86
		{AD98ED88-ACDD-4008-B27A-C2CBA58C0F2F}.AppStore|Any CPU.Build.0 = Release|x86
		{AD98ED88-ACDD-4008-B27A-C2CBA58C0F2F}.AppStore|Any CPU.Deploy.0 = Release|x86
		{AD98ED88-ACDD-4008-B27A-C2CBA58C0F2F}.AppStore|ARM.ActiveCfg = Release|ARM
		{AD98ED88-ACDD-4008-B27A-C2CBA58C0F2F}.AppStore|ARM.Build.0 = Release|ARM
		{AD98ED88-ACDD-4008-B27A-C2CBA58C0F2F}.AppStore|ARM.Deploy.0 = Release|ARM
		{AD98ED88-ACDD-4008-B27A-C2CBA58C0F2F}.AppStore|iPhone.ActiveCfg = Release|x86
		{AD98ED88-ACDD-4008-B27A-C2CBA58C0F2F}.AppStore|iPhone.Build.0 = Release|x86
		{AD98ED88-ACDD-4008-B27A-C2CBA58C0F2F}.AppStore|iPhone.Deploy.0 = Release|x86
		{AD98ED88-ACDD-4008-B27A-C2CBA58C0F2F}.AppStore|iPhoneSimulator.ActiveCfg = Release|x86
		{AD98ED88-ACDD-4008-B27A-C2CBA58C0F2F}.AppStore|iPhoneSimulator.Build.0 = Release|x86
		{AD98ED88-ACDD-4008-B27A-C2CBA58C0F2F}.AppStore|iPhoneSimulator.Deploy.0 = Release|x86
		{AD98ED88-ACDD-4008-B27A-C2CBA58C0F2F}.AppStore|x64.ActiveCfg = Release|x64
		{AD98ED88-ACDD-4008-B27A-C2CBA58C0F2F}.AppStore|x64.Build.0 = Release|x64
		{AD98ED88-ACDD-4008-B27A-C2CBA58C0F2F}.AppStore|x64.Deploy.0 = Release|x64
		{AD98ED88-ACDD-4008-B27A-C2CBA58C0F2F}.AppStore|x86.ActiveCfg = Release|x86
		{AD98ED88-ACDD-4008-B27A-C2CBA58C0F2F}.AppStore|x86.Build.0 = Release|x86
		{AD98ED88-ACDD-4008-B27A-C2CBA58C0F2F}.AppStore|x86.Deploy.0 = Release|x86
		{AD98ED88-ACDD-4008-B27A-C2CBA58C0F2F}.Debug|Any CPU.ActiveCfg = Debug|x86
		{AD98ED88-ACDD-4008-B27A-C2CBA58C0F2F}.Debug|Any CPU.Build.0 = Debug|x86
		{AD98ED88-ACDD-4008-B27A-C2CBA58C0F2F}.Debug|Any CPU.Deploy.0 = Debug|x86
		{AD98ED88-ACDD-4008-B27A-C2CBA58C0F2F}.Debug|ARM.ActiveCfg = Debug|ARM
		{AD98ED88-ACDD-4008-B27A-C2CBA58C0F2F}.Debug|ARM.Build.0 = Debug|ARM
		{AD98ED88-ACDD-4008-B27A-C2CBA58C0F2F}.Debug|ARM.Deploy.0 = Debug|ARM
		{AD98ED88-ACDD-4008-B27A-C2CBA58C0F2F}.Debug|iPhone.ActiveCfg = Debug|x86
		{AD98ED88-ACDD-4008-B27A-C2CBA58C0F2F}.Debug|iPhone.Build.0 = Debug|x86
		{AD98ED88-ACDD-4008-B27A-C2CBA58C0F2F}.Debug|iPhone.Deploy.0 = Debug|x86
		{AD98ED88-ACDD-4008-B27A-C2CBA58C0F2F}.Debug|iPhoneSimulator.ActiveCfg = Debug|x86
		{AD98ED88-ACDD-4008-B27A-C2CBA58C0F2F}.Debug|iPhoneSimulator.Build.0 = Debug|x86
		{AD98ED88-ACDD-4008-B27A-C2CBA58C0F2F}.Debug|iPhoneSimulator.Deploy.0 = Debug|x86
		{AD98ED88-ACDD-4008-B27A-C2CBA58C0F2F}.Debug|x64.ActiveCfg = Debug|x64
		{AD98ED88-ACDD-4008-B27A-C2CBA58C0F2F}.Debug|x64.Build.0 = Debug|x64
		{AD98ED88-ACDD-4008-B27A-C2CBA58C0F2F}.Debug|x64.Deploy.0 = Debug|x64
		{AD98ED88-ACDD-4008-B27A-C2CBA58C0F2F}.Debug|x86.ActiveCfg = Debug|x86
		{AD98ED88-ACDD-4008-B27A-C2CBA58C0F2F}.Debug|x86.Build.0 = Debug|x86
		{AD98ED88-ACDD-4008-B27A-C2CBA58C0F2F}.Debug|x86.Deploy.0 = Debug|x86
		{AD98ED88-ACDD-4008-B27A-C2CBA58C0F2F}.Release|Any CPU.ActiveCfg = Release|x86
		{AD98ED88-ACDD-4008-B27A-C2CBA58C0F2F}.Release|Any CPU.Build.0 = Release|x86
		{AD98ED88-ACDD-4008-B27A-C2CBA58C0F2F}.Release|Any CPU.Deploy.0 = Release|x86
		{AD98ED88-ACDD-4008-B27A-C2CBA58C0F2F}.Release|ARM.ActiveCfg = Release|ARM
		{AD98ED88-ACDD-4008-B27A-C2CBA58C0F2F}.Release|ARM.Build.0 = Release|ARM
		{AD98ED88-ACDD-4008-B27A-C2CBA58C0F2F}.Release|ARM.Deploy.0 = Release|ARM
		{AD98ED88-ACDD-4008-B27A-C2CBA58C0F2F}.Release|iPhone.ActiveCfg = Release|x86
		{AD98ED88-ACDD-4008-B27A-C2CBA58C0F2F}.Release|iPhone.Build.0 = Release|x86
		{AD98ED88-ACDD-4008-B27A-C2CBA58C0F2F}.Release|iPhone.Deploy.0 = Release|x86
		{AD98ED88-ACDD-4008-B27A-C2CBA58C0F2F}.Release|iPhoneSimulator.ActiveCfg = Release|x86
		{AD98ED88-ACDD-4008-B27A-C2CBA58C0F2F}.Release|iPhoneSimulator.Build.0 = Release|x86
		{AD98ED88-ACDD-4008-B27A-C2CBA58C0F2F}.Release|iPhoneSimulator.Deploy.0 = Release|x86
		{AD98ED88-ACDD-4008-B27A-C2CBA58C0F2F}.Release|x64.ActiveCfg = Release|x64
		{AD98ED88-ACDD-4008-B27A-C2CBA58C0F2F}.Release|x64.Build.0 = Release|x64
		{AD98ED88-ACDD-4008-B27A-C2CBA58C0F2F}.Release|x64.Deploy.0 = Release|x64
		{AD98ED88-ACDD-4008-B27A-C2CBA58C0F2F}.Release|x86.ActiveCfg = Release|x86
		{AD98ED88-ACDD-4008-B27A-C2CBA58C0F2F}.Release|x86.Build.0 = Release|x86
		{AD98ED88-ACDD-4008-B27A-C2CBA58C0F2F}.Release|x86.Deploy.0 = Release|x86
		{6FC10432-7B7C-4D93-96EA-6C4F5F707F81}.Ad-Hoc|Any CPU.ActiveCfg = Debug|Any CPU
		{6FC10432-7B7C-4D93-96EA-6C4F5F707F81}.Ad-Hoc|Any CPU.Build.0 = Debug|Any CPU
		{6FC10432-7B7C-4D93-96EA-6C4F5F707F81}.Ad-Hoc|Any CPU.Deploy.0 = Debug|Any CPU
		{6FC10432-7B7C-4D93-96EA-6C4F5F707F81}.Ad-Hoc|ARM.ActiveCfg = Debug|Any CPU
		{6FC10432-7B7C-4D93-96EA-6C4F5F707F81}.Ad-Hoc|ARM.Build.0 = Debug|Any CPU
		{6FC10432-7B7C-4D93-96EA-6C4F5F707F81}.Ad-Hoc|ARM.Deploy.0 = Debug|Any CPU
		{6FC10432-7B7C-4D93-96EA-6C4F5F707F81}.Ad-Hoc|iPhone.ActiveCfg = Debug|Any CPU
		{6FC10432-7B7C-4D93-96EA-6C4F5F707F81}.Ad-Hoc|iPhone.Build.0 = Debug|Any CPU
		{6FC10432-7B7C-4D93-96EA-6C4F5F707F81}.Ad-Hoc|iPhone.Deploy.0 = Debug|Any CPU
		{6FC10432-7B7C-4D93-96EA-6C4F5F707F81}.Ad-Hoc|iPhoneSimulator.ActiveCfg = Debug|Any CPU
		{6FC10432-7B7C-4D93-96EA-6C4F5F707F81}.Ad-Hoc|iPhoneSimulator.Build.0 = Debug|Any CPU
		{6FC10432-7B7C-4D93-96EA-6C4F5F707F81}.Ad-Hoc|iPhoneSimulator.Deploy.0 = Debug|Any CPU
		{6FC10432-7B7C-4D93-96EA-6C4F5F707F81}.Ad-Hoc|x64.ActiveCfg = Debug|Any CPU
		{6FC10432-7B7C-4D93-96EA-6C4F5F707F81}.Ad-Hoc|x64.Build.0 = Debug|Any CPU
		{6FC10432-7B7C-4D93-96EA-6C4F5F707F81}.Ad-Hoc|x64.Deploy.0 = Debug|Any CPU
		{6FC10432-7B7C-4D93-96EA-6C4F5F707F81}.Ad-Hoc|x86.ActiveCfg = Debug|Any CPU
		{6FC10432-7B7C-4D93-96EA-6C4F5F707F81}.Ad-Hoc|x86.Build.0 = Debug|Any CPU
		{6FC10432-7B7C-4D93-96EA-6C4F5F707F81}.Ad-Hoc|x86.Deploy.0 = Debug|Any CPU
		{6FC10432-7B7C-4D93-96EA-6C4F5F707F81}.AppStore|Any CPU.ActiveCfg = Debug|Any CPU
		{6FC10432-7B7C-4D93-96EA-6C4F5F707F81}.AppStore|Any CPU.Build.0 = Debug|Any CPU
		{6FC10432-7B7C-4D93-96EA-6C4F5F707F81}.AppStore|Any CPU.Deploy.0 = Debug|Any CPU
		{6FC10432-7B7C-4D93-96EA-6C4F5F707F81}.AppStore|ARM.ActiveCfg = Debug|Any CPU
		{6FC10432-7B7C-4D93-96EA-6C4F5F707F81}.AppStore|ARM.Build.0 = Debug|Any CPU
		{6FC10432-7B7C-4D93-96EA-6C4F5F707F81}.AppStore|ARM.Deploy.0 = Debug|Any CPU
		{6FC10432-7B7C-4D93-96EA-6C4F5F707F81}.AppStore|iPhone.ActiveCfg = Debug|Any CPU
		{6FC10432-7B7C-4D93-96EA-6C4F5F707F81}.AppStore|iPhone.Build.0 = Debug|Any CPU
		{6FC10432-7B7C-4D93-96EA-6C4F5F707F81}.AppStore|iPhone.Deploy.0 = Debug|Any CPU
		{6FC10432-7B7C-4D93-96EA-6C4F5F707F81}.AppStore|iPhoneSimulator.ActiveCfg = Debug|Any CPU
		{6FC10432-7B7C-4D93-96EA-6C4F5F707F81}.AppStore|iPhoneSimulator.Build.0 = Debug|Any CPU
		{6FC10432-7B7C-4D93-96EA-6C4F5F707F81}.AppStore|iPhoneSimulator.Deploy.0 = Debug|Any CPU
		{6FC10432-7B7C-4D93-96EA-6C4F5F707F81}.AppStore|x64.ActiveCfg = Debug|Any CPU
		{6FC10432-7B7C-4D93-96EA-6C4F5F707F81}.AppStore|x64.Build.0 = Debug|Any CPU
		{6FC10432-7B7C-4D93-96EA-6C4F5F707F81}.AppStore|x64.Deploy.0 = Debug|Any CPU
		{6FC10432-7B7C-4D93-96EA-6C4F5F707F81}.AppStore|x86.ActiveCfg = Debug|Any CPU
		{6FC10432-7B7C-4D93-96EA-6C4F5F707F81}.AppStore|x86.Build.0 = Debug|Any CPU
		{6FC10432-7B7C-4D93-96EA-6C4F5F707F81}.AppStore|x86.Deploy.0 = Debug|Any CPU
		{6FC10432-7B7C-4D93-96EA-6C4F5F707F81}.Debug|Any CPU.ActiveCfg = Debug|Any CPU
		{6FC10432-7B7C-4D93-96EA-6C4F5F707F81}.Debug|Any CPU.Build.0 = Debug|Any CPU
		{6FC10432-7B7C-4D93-96EA-6C4F5F707F81}.Debug|Any CPU.Deploy.0 = Debug|Any CPU
		{6FC10432-7B7C-4D93-96EA-6C4F5F707F81}.Debug|ARM.ActiveCfg = Debug|Any CPU
		{6FC10432-7B7C-4D93-96EA-6C4F5F707F81}.Debug|ARM.Build.0 = Debug|Any CPU
		{6FC10432-7B7C-4D93-96EA-6C4F5F707F81}.Debug|ARM.Deploy.0 = Debug|Any CPU
		{6FC10432-7B7C-4D93-96EA-6C4F5F707F81}.Debug|iPhone.ActiveCfg = Debug|Any CPU
		{6FC10432-7B7C-4D93-96EA-6C4F5F707F81}.Debug|iPhone.Build.0 = Debug|Any CPU
		{6FC10432-7B7C-4D93-96EA-6C4F5F707F81}.Debug|iPhone.Deploy.0 = Debug|Any CPU
		{6FC10432-7B7C-4D93-96EA-6C4F5F707F81}.Debug|iPhoneSimulator.ActiveCfg = Debug|Any CPU
		{6FC10432-7B7C-4D93-96EA-6C4F5F707F81}.Debug|iPhoneSimulator.Build.0 = Debug|Any CPU
		{6FC10432-7B7C-4D93-96EA-6C4F5F707F81}.Debug|iPhoneSimulator.Deploy.0 = Debug|Any CPU
		{6FC10432-7B7C-4D93-96EA-6C4F5F707F81}.Debug|x64.ActiveCfg = Debug|Any CPU
		{6FC10432-7B7C-4D93-96EA-6C4F5F707F81}.Debug|x64.Build.0 = Debug|Any CPU
		{6FC10432-7B7C-4D93-96EA-6C4F5F707F81}.Debug|x64.Deploy.0 = Debug|Any CPU
		{6FC10432-7B7C-4D93-96EA-6C4F5F707F81}.Debug|x86.ActiveCfg = Debug|Any CPU
		{6FC10432-7B7C-4D93-96EA-6C4F5F707F81}.Debug|x86.Build.0 = Debug|Any CPU
		{6FC10432-7B7C-4D93-96EA-6C4F5F707F81}.Debug|x86.Deploy.0 = Debug|Any CPU
		{6FC10432-7B7C-4D93-96EA-6C4F5F707F81}.Release|Any CPU.ActiveCfg = Release|Any CPU
		{6FC10432-7B7C-4D93-96EA-6C4F5F707F81}.Release|Any CPU.Build.0 = Release|Any CPU
		{6FC10432-7B7C-4D93-96EA-6C4F5F707F81}.Release|Any CPU.Deploy.0 = Release|Any CPU
		{6FC10432-7B7C-4D93-96EA-6C4F5F707F81}.Release|ARM.ActiveCfg = Release|Any CPU
		{6FC10432-7B7C-4D93-96EA-6C4F5F707F81}.Release|ARM.Build.0 = Release|Any CPU
		{6FC10432-7B7C-4D93-96EA-6C4F5F707F81}.Release|ARM.Deploy.0 = Release|Any CPU
		{6FC10432-7B7C-4D93-96EA-6C4F5F707F81}.Release|iPhone.ActiveCfg = Release|Any CPU
		{6FC10432-7B7C-4D93-96EA-6C4F5F707F81}.Release|iPhone.Build.0 = Release|Any CPU
		{6FC10432-7B7C-4D93-96EA-6C4F5F707F81}.Release|iPhone.Deploy.0 = Release|Any CPU
		{6FC10432-7B7C-4D93-96EA-6C4F5F707F81}.Release|iPhoneSimulator.ActiveCfg = Release|Any CPU
		{6FC10432-7B7C-4D93-96EA-6C4F5F707F81}.Release|iPhoneSimulator.Build.0 = Release|Any CPU
		{6FC10432-7B7C-4D93-96EA-6C4F5F707F81}.Release|iPhoneSimulator.Deploy.0 = Release|Any CPU
		{6FC10432-7B7C-4D93-96EA-6C4F5F707F81}.Release|x64.ActiveCfg = Release|Any CPU
		{6FC10432-7B7C-4D93-96EA-6C4F5F707F81}.Release|x64.Build.0 = Release|Any CPU
		{6FC10432-7B7C-4D93-96EA-6C4F5F707F81}.Release|x64.Deploy.0 = Release|Any CPU
		{6FC10432-7B7C-4D93-96EA-6C4F5F707F81}.Release|x86.ActiveCfg = Release|Any CPU
		{6FC10432-7B7C-4D93-96EA-6C4F5F707F81}.Release|x86.Build.0 = Release|Any CPU
		{6FC10432-7B7C-4D93-96EA-6C4F5F707F81}.Release|x86.Deploy.0 = Release|Any CPU
	EndGlobalSection
	GlobalSection(SolutionProperties) = preSolution
		HideSolutionNode = FALSE
	EndGlobalSection
	GlobalSection(ExtensibilityGlobals) = postSolution
		SolutionGuid = {3F118AF8-8286-41C7-8E30-AF98CF74227D}
	EndGlobalSection
EndGlobal
